
Microsoft Visual Studio Solution File, Format Version 12.00
# Visual Studio 14
VisualStudioVersion = 14.0.25420.1
MinimumVisualStudioVersion = 10.0.40219.1
Project("{FAE04EC0-301F-11D3-BF4B-00C04F79EFBC}") = "SimpleBudget", "SimpleBudget\SimpleBudget.csproj", "{46A00C66-A7C8-4513-BB43-50E622399D92}"
EndProject
Project("{FAE04EC0-301F-11D3-BF4B-00C04F79EFBC}") = "SimpleBudget.Tests", "SimpleBudget.Tests\SimpleBudget.Tests.csproj", "{D20EDBFF-BABD-444E-932C-D0B359271DDA}"
EndProject
Project("{FAE04EC0-301F-11D3-BF4B-00C04F79EFBC}") = "SimpleBudget.Data", "SimpleBudget.Data\SimpleBudget.Data.csproj", "{C7040B92-734D-4705-9E88-1C1355510BA9}"
EndProject
Project("{FAE04EC0-301F-11D3-BF4B-00C04F79EFBC}") = "SimpleBudget.Domain", "SimpleBudget.Domain\SimpleBudget.Domain.csproj", "{F65D810B-E552-4791-9212-DFC3AA502044}"
EndProject
Global
	GlobalSection(SolutionConfigurationPlatforms) = preSolution
		Debug|Any CPU = Debug|Any CPU
		Release|Any CPU = Release|Any CPU
	EndGlobalSection
	GlobalSection(ProjectConfigurationPlatforms) = postSolution
		{46A00C66-A7C8-4513-BB43-50E622399D92}.Debug|Any CPU.ActiveCfg = Debug|Any CPU
		{46A00C66-A7C8-4513-BB43-50E622399D92}.Debug|Any CPU.Build.0 = Debug|Any CPU
		{46A00C66-A7C8-4513-BB43-50E622399D92}.Release|Any CPU.ActiveCfg = Release|Any CPU
		{46A00C66-A7C8-4513-BB43-50E622399D92}.Release|Any CPU.Build.0 = Release|Any CPU
		{D20EDBFF-BABD-444E-932C-D0B359271DDA}.Debug|Any CPU.ActiveCfg = Debug|Any CPU
		{D20EDBFF-BABD-444E-932C-D0B359271DDA}.Debug|Any CPU.Build.0 = Debug|Any CPU
		{D20EDBFF-BABD-444E-932C-D0B359271DDA}.Release|Any CPU.ActiveCfg = Release|Any CPU
		{D20EDBFF-BABD-444E-932C-D0B359271DDA}.Release|Any CPU.Build.0 = Release|Any CPU
		{C7040B92-734D-4705-9E88-1C1355510BA9}.Debug|Any CPU.ActiveCfg = Debug|Any CPU
		{C7040B92-734D-4705-9E88-1C1355510BA9}.Debug|Any CPU.Build.0 = Debug|Any CPU
		{C7040B92-734D-4705-9E88-1C1355510BA9}.Release|Any CPU.ActiveCfg = Release|Any CPU
		{C7040B92-734D-4705-9E88-1C1355510BA9}.Release|Any CPU.Build.0 = Release|Any CPU
		{F65D810B-E552-4791-9212-DFC3AA502044}.Debug|Any CPU.ActiveCfg = Debug|Any CPU
		{F65D810B-E552-4791-9212-DFC3AA502044}.Debug|Any CPU.Build.0 = Debug|Any CPU
		{F65D810B-E552-4791-9212-DFC3AA502044}.Release|Any CPU.ActiveCfg = Release|Any CPU
		{F65D810B-E552-4791-9212-DFC3AA502044}.Release|Any CPU.Build.0 = Release|Any CPU
	EndGlobalSection
	GlobalSection(SolutionProperties) = preSolution
		HideSolutionNode = FALSE
	EndGlobalSection
EndGlobal
